
Microsoft Visual Studio Solution File, Format Version 12.00
# Visual Studio 15
VisualStudioVersion = 15.0.26124.0
MinimumVisualStudioVersion = 15.0.26124.0
Project("{2150E333-8FDC-42A3-9474-1A3956D46DE8}") = "src", "src", "{374A1C5D-CE39-4647-A100-F9AE6B9A45CA}"
EndProject
Project("{F2A71F9B-5D33-465A-A702-920D77279786}") = "spawnd", "src\spawnd\spawnd.fsproj", "{60CCB333-7ABD-405F-8D29-9744D51E6472}"
EndProject
Project("{F2A71F9B-5D33-465A-A702-920D77279786}") = "spawnctl", "src\spawnctl\spawnctl.fsproj", "{9152DE11-3568-44DF-A46A-6FDEC953B406}"
EndProject
Project("{F2A71F9B-5D33-465A-A702-920D77279786}") = "spwncomm", "src\spwncomm\spwncomm.fsproj", "{C5577EFC-2978-486B-9176-B08A8FFD9DD5}"
EndProject
Project("{2150E333-8FDC-42A3-9474-1A3956D46DE8}") = "tests", "tests", "{F9867637-3420-4E69-9874-C72E7A2FCA52}"
EndProject
Project("{F2A71F9B-5D33-465A-A702-920D77279786}") = "spawnd.tests", "tests\spawnd\spawnd.tests.fsproj", "{BE01318D-BCE3-4B50-B11C-5276599B5F4A}"
EndProject
Project("{F2A71F9B-5D33-465A-A702-920D77279786}") = "spawnctl.tests", "tests\spawnctl\spawnctl.tests.fsproj", "{B746EFF4-955A-4A9E-AA9B-B57D1E29F3CC}"
EndProject
Project("{F2A71F9B-5D33-465A-A702-920D77279786}") = "spwncomm.tests", "tests\spwncomm\spwncomm.tests.fsproj", "{B22A5368-13BB-4BBC-B55E-E6009B2552AD}"
EndProject
Global
	GlobalSection(SolutionConfigurationPlatforms) = preSolution
		Debug|Any CPU = Debug|Any CPU
		Debug|x64 = Debug|x64
		Debug|x86 = Debug|x86
		Release|Any CPU = Release|Any CPU
		Release|x64 = Release|x64
		Release|x86 = Release|x86
	EndGlobalSection
	GlobalSection(SolutionProperties) = preSolution
		HideSolutionNode = FALSE
	EndGlobalSection
	GlobalSection(ProjectConfigurationPlatforms) = postSolution
		{60CCB333-7ABD-405F-8D29-9744D51E6472}.Debug|Any CPU.ActiveCfg = Debug|Any CPU
		{60CCB333-7ABD-405F-8D29-9744D51E6472}.Debug|Any CPU.Build.0 = Debug|Any CPU
		{60CCB333-7ABD-405F-8D29-9744D51E6472}.Debug|x64.ActiveCfg = Debug|Any CPU
		{60CCB333-7ABD-405F-8D29-9744D51E6472}.Debug|x64.Build.0 = Debug|Any CPU
		{60CCB333-7ABD-405F-8D29-9744D51E6472}.Debug|x86.ActiveCfg = Debug|Any CPU
		{60CCB333-7ABD-405F-8D29-9744D51E6472}.Debug|x86.Build.0 = Debug|Any CPU
		{60CCB333-7ABD-405F-8D29-9744D51E6472}.Release|Any CPU.ActiveCfg = Release|Any CPU
		{60CCB333-7ABD-405F-8D29-9744D51E6472}.Release|Any CPU.Build.0 = Release|Any CPU
		{60CCB333-7ABD-405F-8D29-9744D51E6472}.Release|x64.ActiveCfg = Release|Any CPU
		{60CCB333-7ABD-405F-8D29-9744D51E6472}.Release|x64.Build.0 = Release|Any CPU
		{60CCB333-7ABD-405F-8D29-9744D51E6472}.Release|x86.ActiveCfg = Release|Any CPU
		{60CCB333-7ABD-405F-8D29-9744D51E6472}.Release|x86.Build.0 = Release|Any CPU
		{9152DE11-3568-44DF-A46A-6FDEC953B406}.Debug|Any CPU.ActiveCfg = Debug|Any CPU
		{9152DE11-3568-44DF-A46A-6FDEC953B406}.Debug|Any CPU.Build.0 = Debug|Any CPU
		{9152DE11-3568-44DF-A46A-6FDEC953B406}.Debug|x64.ActiveCfg = Debug|Any CPU
		{9152DE11-3568-44DF-A46A-6FDEC953B406}.Debug|x64.Build.0 = Debug|Any CPU
		{9152DE11-3568-44DF-A46A-6FDEC953B406}.Debug|x86.ActiveCfg = Debug|Any CPU
		{9152DE11-3568-44DF-A46A-6FDEC953B406}.Debug|x86.Build.0 = Debug|Any CPU
		{9152DE11-3568-44DF-A46A-6FDEC953B406}.Release|Any CPU.ActiveCfg = Release|Any CPU
		{9152DE11-3568-44DF-A46A-6FDEC953B406}.Release|Any CPU.Build.0 = Release|Any CPU
		{9152DE11-3568-44DF-A46A-6FDEC953B406}.Release|x64.ActiveCfg = Release|Any CPU
		{9152DE11-3568-44DF-A46A-6FDEC953B406}.Release|x64.Build.0 = Release|Any CPU
		{9152DE11-3568-44DF-A46A-6FDEC953B406}.Release|x86.ActiveCfg = Release|Any CPU
		{9152DE11-3568-44DF-A46A-6FDEC953B406}.Release|x86.Build.0 = Release|Any CPU
		{C5577EFC-2978-486B-9176-B08A8FFD9DD5}.Debug|Any CPU.ActiveCfg = Debug|Any CPU
		{C5577EFC-2978-486B-9176-B08A8FFD9DD5}.Debug|Any CPU.Build.0 = Debug|Any CPU
		{C5577EFC-2978-486B-9176-B08A8FFD9DD5}.Debug|x64.ActiveCfg = Debug|Any CPU
		{C5577EFC-2978-486B-9176-B08A8FFD9DD5}.Debug|x64.Build.0 = Debug|Any CPU
		{C5577EFC-2978-486B-9176-B08A8FFD9DD5}.Debug|x86.ActiveCfg = Debug|Any CPU
		{C5577EFC-2978-486B-9176-B08A8FFD9DD5}.Debug|x86.Build.0 = Debug|Any CPU
		{C5577EFC-2978-486B-9176-B08A8FFD9DD5}.Release|Any CPU.ActiveCfg = Release|Any CPU
		{C5577EFC-2978-486B-9176-B08A8FFD9DD5}.Release|Any CPU.Build.0 = Release|Any CPU
		{C5577EFC-2978-486B-9176-B08A8FFD9DD5}.Release|x64.ActiveCfg = Release|Any CPU
		{C5577EFC-2978-486B-9176-B08A8FFD9DD5}.Release|x64.Build.0 = Release|Any CPU
		{C5577EFC-2978-486B-9176-B08A8FFD9DD5}.Release|x86.ActiveCfg = Release|Any CPU
		{C5577EFC-2978-486B-9176-B08A8FFD9DD5}.Release|x86.Build.0 = Release|Any CPU
		{BE01318D-BCE3-4B50-B11C-5276599B5F4A}.Debug|Any CPU.ActiveCfg = Debug|Any CPU
		{BE01318D-BCE3-4B50-B11C-5276599B5F4A}.Debug|Any CPU.Build.0 = Debug|Any CPU
		{BE01318D-BCE3-4B50-B11C-5276599B5F4A}.Debug|x64.ActiveCfg = Debug|Any CPU
		{BE01318D-BCE3-4B50-B11C-5276599B5F4A}.Debug|x64.Build.0 = Debug|Any CPU
		{BE01318D-BCE3-4B50-B11C-5276599B5F4A}.Debug|x86.ActiveCfg = Debug|Any CPU
		{BE01318D-BCE3-4B50-B11C-5276599B5F4A}.Debug|x86.Build.0 = Debug|Any CPU
		{BE01318D-BCE3-4B50-B11C-5276599B5F4A}.Release|Any CPU.ActiveCfg = Release|Any CPU
		{BE01318D-BCE3-4B50-B11C-5276599B5F4A}.Release|Any CPU.Build.0 = Release|Any CPU
		{BE01318D-BCE3-4B50-B11C-5276599B5F4A}.Release|x64.ActiveCfg = Release|Any CPU
		{BE01318D-BCE3-4B50-B11C-5276599B5F4A}.Release|x64.Build.0 = Release|Any CPU
		{BE01318D-BCE3-4B50-B11C-5276599B5F4A}.Release|x86.ActiveCfg = Release|Any CPU
		{BE01318D-BCE3-4B50-B11C-5276599B5F4A}.Release|x86.Build.0 = Release|Any CPU
		{B746EFF4-955A-4A9E-AA9B-B57D1E29F3CC}.Debug|Any CPU.ActiveCfg = Debug|Any CPU
		{B746EFF4-955A-4A9E-AA9B-B57D1E29F3CC}.Debug|Any CPU.Build.0 = Debug|Any CPU
		{B746EFF4-955A-4A9E-AA9B-B57D1E29F3CC}.Debug|x64.ActiveCfg = Debug|Any CPU
		{B746EFF4-955A-4A9E-AA9B-B57D1E29F3CC}.Debug|x64.Build.0 = Debug|Any CPU
		{B746EFF4-955A-4A9E-AA9B-B57D1E29F3CC}.Debug|x86.ActiveCfg = Debug|Any CPU
		{B746EFF4-955A-4A9E-AA9B-B57D1E29F3CC}.Debug|x86.Build.0 = Debug|Any CPU
		{B746EFF4-955A-4A9E-AA9B-B57D1E29F3CC}.Release|Any CPU.ActiveCfg = Release|Any CPU
		{B746EFF4-955A-4A9E-AA9B-B57D1E29F3CC}.Release|Any CPU.Build.0 = Release|Any CPU
		{B746EFF4-955A-4A9E-AA9B-B57D1E29F3CC}.Release|x64.ActiveCfg = Release|Any CPU
		{B746EFF4-955A-4A9E-AA9B-B57D1E29F3CC}.Release|x64.Build.0 = Release|Any CPU
		{B746EFF4-955A-4A9E-AA9B-B57D1E29F3CC}.Release|x86.ActiveCfg = Release|Any CPU
		{B746EFF4-955A-4A9E-AA9B-B57D1E29F3CC}.Release|x86.Build.0 = Release|Any CPU
		{B22A5368-13BB-4BBC-B55E-E6009B2552AD}.Debug|Any CPU.ActiveCfg = Debug|Any CPU
		{B22A5368-13BB-4BBC-B55E-E6009B2552AD}.Debug|Any CPU.Build.0 = Debug|Any CPU
		{B22A5368-13BB-4BBC-B55E-E6009B2552AD}.Debug|x64.ActiveCfg = Debug|Any CPU
		{B22A5368-13BB-4BBC-B55E-E6009B2552AD}.Debug|x64.Build.0 = Debug|Any CPU
		{B22A5368-13BB-4BBC-B55E-E6009B2552AD}.Debug|x86.ActiveCfg = Debug|Any CPU
		{B22A5368-13BB-4BBC-B55E-E6009B2552AD}.Debug|x86.Build.0 = Debug|Any CPU
		{B22A5368-13BB-4BBC-B55E-E6009B2552AD}.Release|Any CPU.ActiveCfg = Release|Any CPU
		{B22A5368-13BB-4BBC-B55E-E6009B2552AD}.Release|Any CPU.Build.0 = Release|Any CPU
		{B22A5368-13BB-4BBC-B55E-E6009B2552AD}.Release|x64.ActiveCfg = Release|Any CPU
		{B22A5368-13BB-4BBC-B55E-E6009B2552AD}.Release|x64.Build.0 = Release|Any CPU
		{B22A5368-13BB-4BBC-B55E-E6009B2552AD}.Release|x86.ActiveCfg = Release|Any CPU
		{B22A5368-13BB-4BBC-B55E-E6009B2552AD}.Release|x86.Build.0 = Release|Any CPU
	EndGlobalSection
	GlobalSection(NestedProjects) = preSolution
		{60CCB333-7ABD-405F-8D29-9744D51E6472} = {374A1C5D-CE39-4647-A100-F9AE6B9A45CA}
		{9152DE11-3568-44DF-A46A-6FDEC953B406} = {374A1C5D-CE39-4647-A100-F9AE6B9A45CA}
		{C5577EFC-2978-486B-9176-B08A8FFD9DD5} = {374A1C5D-CE39-4647-A100-F9AE6B9A45CA}
		{BE01318D-BCE3-4B50-B11C-5276599B5F4A} = {F9867637-3420-4E69-9874-C72E7A2FCA52}
		{B746EFF4-955A-4A9E-AA9B-B57D1E29F3CC} = {F9867637-3420-4E69-9874-C72E7A2FCA52}
		{B22A5368-13BB-4BBC-B55E-E6009B2552AD} = {F9867637-3420-4E69-9874-C72E7A2FCA52}
	EndGlobalSection
	GlobalSection(MonoDevelopProperties) = preSolution
		Policies = $0
		$0.DotNetNamingPolicy = $1
		$1.DirectoryNamespaceAssociation = PrefixedHierarchical
		$0.TextStylePolicy = $2
		$2.inheritsSet = null
		$2.scope = text/x-fsharp
		$0.FSharpFormattingPolicy = $3
		$3.DefaultFormat = $4
		$4.IndentOnTryWith = True
		$4.ReorderOpenDeclaration = True
		$4.SpaceAfterComma = True
		$4.SpaceAfterSemicolon = True
		$4.SpaceAroundDelimiter = True
		$4.SpaceBeforeArgument = True
		$4.SpaceBeforeColon = True
		$4.__added = 0
		$3.scope = text/x-fsharp
		$0.StandardHeader = $5
		$0.VersionControlPolicy = $6
	EndGlobalSection
EndGlobal
